
Microsoft Visual Studio Solution File, Format Version 12.00
# Visual Studio Version 17
VisualStudioVersion = 17.6.33829.357
MinimumVisualStudioVersion = 10.0.40219.1
Project("{FAE04EC0-301F-11D3-BF4B-00C04F79EFBC}") = "CompilarUtilitarios", "CompilarUtilitarios\CompilarUtilitarios.csproj", "{43B928C2-BD14-464B-A247-5B8D98FA6840}"
EndProject
Project("{FAE04EC0-301F-11D3-BF4B-00C04F79EFBC}") = "CapaUtilitarios", "CapaUtilitarios\CapaUtilitarios.csproj", "{B73425A5-C2F1-47D5-87B7-9769A718126F}"
EndProject
Global
	GlobalSection(SolutionConfigurationPlatforms) = preSolution
		Debug|Any CPU = Debug|Any CPU
		Release|Any CPU = Release|Any CPU
	EndGlobalSection
	GlobalSection(ProjectConfigurationPlatforms) = postSolution
		{43B928C2-BD14-464B-A247-5B8D98FA6840}.Debug|Any CPU.ActiveCfg = Debug|Any CPU
		{43B928C2-BD14-464B-A247-5B8D98FA6840}.Debug|Any CPU.Build.0 = Debug|Any CPU
		{43B928C2-BD14-464B-A247-5B8D98FA6840}.Release|Any CPU.ActiveCfg = Release|Any CPU
		{43B928C2-BD14-464B-A247-5B8D98FA6840}.Release|Any CPU.Build.0 = Release|Any CPU
		{B73425A5-C2F1-47D5-87B7-9769A718126F}.Debug|Any CPU.ActiveCfg = Debug|Any CPU
		{B73425A5-C2F1-47D5-87B7-9769A718126F}.Debug|Any CPU.Build.0 = Debug|Any CPU
		{B73425A5-C2F1-47D5-87B7-9769A718126F}.Release|Any CPU.ActiveCfg = Release|Any CPU
		{B73425A5-C2F1-47D5-87B7-9769A718126F}.Release|Any CPU.Build.0 = Release|Any CPU
	EndGlobalSection
	GlobalSection(SolutionProperties) = preSolution
		HideSolutionNode = FALSE
	EndGlobalSection
	GlobalSection(ExtensibilityGlobals) = postSolution
		SolutionGuid = {156C207E-2D26-4A84-A075-77E1B8416CB8}
	EndGlobalSection
EndGlobal
